{
  "name": "PRUEBA",
  "version": "1.0.0",
  "lockfileVersion": 1,
  "requires": true,
  "dependencies": {
    "date-fns": {
      "version": "2.29.3",
      "resolved": "https://registry.npmjs.org/date-fns/-/date-fns-2.29.3.tgz",
      "integrity": "sha512-dDCnyH2WnnKusqvZZ6+jA1O51Ibt8ZMRNkDZdyAyK4YfbDwa/cEmuztzG5pk6hqlp9aSBPYcjOlktquahGwGeA=="
    },
    "datebook": {
      "version": "8.0.0",
      "resolved": "https://registry.npmjs.org/datebook/-/datebook-8.0.0.tgz",
      "integrity": "sha512-JMDXoTzzNu6gafu2DcFQZZ0leLm4/hI6o2RG/pdzcBnmMXH2QZTcbU0ERg9RtpEyQwzaHOH1+Ww211xyCT3B2Q=="
    }
  }
}
